
Microsoft Visual Studio Solution File, Format Version 12.00
# Visual Studio Version 16
VisualStudioVersion = 16.0.31005.135
MinimumVisualStudioVersion = 10.0.40219.1
Project("{FAE04EC0-301F-11D3-BF4B-00C04F79EFBC}") = "changecase", "changecase\changecase.csproj", "{05CC6E5B-DB82-4D1A-A8F6-F5AD2D0E9697}"
EndProject
Global
	GlobalSection(SolutionConfigurationPlatforms) = preSolution
		Debug|Any CPU = Debug|Any CPU
		Release|Any CPU = Release|Any CPU
	EndGlobalSection
	GlobalSection(ProjectConfigurationPlatforms) = postSolution
		{05CC6E5B-DB82-4D1A-A8F6-F5AD2D0E9697}.Debug|Any CPU.ActiveCfg = Debug|Any CPU
		{05CC6E5B-DB82-4D1A-A8F6-F5AD2D0E9697}.Debug|Any CPU.Build.0 = Debug|Any CPU
		{05CC6E5B-DB82-4D1A-A8F6-F5AD2D0E9697}.Release|Any CPU.ActiveCfg = Release|Any CPU
		{05CC6E5B-DB82-4D1A-A8F6-F5AD2D0E9697}.Release|Any CPU.Build.0 = Release|Any CPU
	EndGlobalSection
	GlobalSection(SolutionProperties) = preSolution
		HideSolutionNode = FALSE
	EndGlobalSection
	GlobalSection(ExtensibilityGlobals) = postSolution
		SolutionGuid = {FE6BD8B3-DEC8-4164-A54A-379CC59BAFB3}
	EndGlobalSection
EndGlobal
